
Microsoft Visual Studio Solution File, Format Version 12.00
# Visual Studio Version 17
VisualStudioVersion = 17.1.32228.430
MinimumVisualStudioVersion = 10.0.40219.1
Project("{9A19103F-16F7-4668-BE54-9A1E7A4F7556}") = "FishFactoryView", "FishFactoryView\FishFactoryView.csproj", "{952E21DC-D182-482D-97E6-4D82A6CCB345}"
EndProject
Project("{9A19103F-16F7-4668-BE54-9A1E7A4F7556}") = "FishFactoryBusinessLogic", "FishFactoryBusinessLogic\FishFactoryBusinessLogic.csproj", "{5B37CF6E-2C58-4BBE-8CCD-8C97DFEF6AF9}"
EndProject
Project("{9A19103F-16F7-4668-BE54-9A1E7A4F7556}") = "FishFactoryContracts", "FishFactoryContracts\FishFactoryContracts.csproj", "{DB1D9E30-79CC-4AA3-9F9A-BC22A21D7DFF}"
EndProject
Project("{9A19103F-16F7-4668-BE54-9A1E7A4F7556}") = "FishFactoryListImplement", "FishFactoryListImplement\FishFactoryListImplement.csproj", "{F66114B7-4D96-46E9-AB81-365627FF105A}"
EndProject
Project("{9A19103F-16F7-4668-BE54-9A1E7A4F7556}") = "FishFactoryFileImplement", "FishFactoryFileImplement\FishFactoryFileImplement.csproj", "{B8B6972F-C33E-49ED-A241-4504BEE9A401}"
EndProject
Project("{9A19103F-16F7-4668-BE54-9A1E7A4F7556}") = "FishFactoryDataBaseImplement", "FishFactoryDataBaseImplement\FishFactoryDataBaseImplement.csproj", "{E1EE0BAE-6AE0-43D1-B18B-523ACFA30F62}"
EndProject
Project("{FAE04EC0-301F-11D3-BF4B-00C04F79EFBC}") = "FishFactoryRestApi", "FishFactoryRestApi\FishFactoryRestApi.csproj", "{753922A7-E4F1-4EF2-B7EB-E4C7A3C970C6}"
EndProject
Project("{FAE04EC0-301F-11D3-BF4B-00C04F79EFBC}") = "FishFactoryClientApp", "FishFactoryClientApp\FishFactoryClientApp.csproj", "{4914FFE1-A3CF-4D73-B1A8-BA0700A61037}"
EndProject
Global
	GlobalSection(SolutionConfigurationPlatforms) = preSolution
		Debug|Any CPU = Debug|Any CPU
		Release|Any CPU = Release|Any CPU
	EndGlobalSection
	GlobalSection(ProjectConfigurationPlatforms) = postSolution
		{952E21DC-D182-482D-97E6-4D82A6CCB345}.Debug|Any CPU.ActiveCfg = Debug|Any CPU
		{952E21DC-D182-482D-97E6-4D82A6CCB345}.Debug|Any CPU.Build.0 = Debug|Any CPU
		{952E21DC-D182-482D-97E6-4D82A6CCB345}.Release|Any CPU.ActiveCfg = Release|Any CPU
		{952E21DC-D182-482D-97E6-4D82A6CCB345}.Release|Any CPU.Build.0 = Release|Any CPU
		{5B37CF6E-2C58-4BBE-8CCD-8C97DFEF6AF9}.Debug|Any CPU.ActiveCfg = Debug|Any CPU
		{5B37CF6E-2C58-4BBE-8CCD-8C97DFEF6AF9}.Debug|Any CPU.Build.0 = Debug|Any CPU
		{5B37CF6E-2C58-4BBE-8CCD-8C97DFEF6AF9}.Release|Any CPU.ActiveCfg = Release|Any CPU
		{5B37CF6E-2C58-4BBE-8CCD-8C97DFEF6AF9}.Release|Any CPU.Build.0 = Release|Any CPU
		{DB1D9E30-79CC-4AA3-9F9A-BC22A21D7DFF}.Debug|Any CPU.ActiveCfg = Debug|Any CPU
		{DB1D9E30-79CC-4AA3-9F9A-BC22A21D7DFF}.Debug|Any CPU.Build.0 = Debug|Any CPU
		{DB1D9E30-79CC-4AA3-9F9A-BC22A21D7DFF}.Release|Any CPU.ActiveCfg = Release|Any CPU
		{DB1D9E30-79CC-4AA3-9F9A-BC22A21D7DFF}.Release|Any CPU.Build.0 = Release|Any CPU
		{F66114B7-4D96-46E9-AB81-365627FF105A}.Debug|Any CPU.ActiveCfg = Debug|Any CPU
		{F66114B7-4D96-46E9-AB81-365627FF105A}.Debug|Any CPU.Build.0 = Debug|Any CPU
		{F66114B7-4D96-46E9-AB81-365627FF105A}.Release|Any CPU.ActiveCfg = Release|Any CPU
		{F66114B7-4D96-46E9-AB81-365627FF105A}.Release|Any CPU.Build.0 = Release|Any CPU
		{B8B6972F-C33E-49ED-A241-4504BEE9A401}.Debug|Any CPU.ActiveCfg = Debug|Any CPU
		{B8B6972F-C33E-49ED-A241-4504BEE9A401}.Debug|Any CPU.Build.0 = Debug|Any CPU
		{B8B6972F-C33E-49ED-A241-4504BEE9A401}.Release|Any CPU.ActiveCfg = Release|Any CPU
		{B8B6972F-C33E-49ED-A241-4504BEE9A401}.Release|Any CPU.Build.0 = Release|Any CPU
		{E1EE0BAE-6AE0-43D1-B18B-523ACFA30F62}.Debug|Any CPU.ActiveCfg = Debug|Any CPU
		{E1EE0BAE-6AE0-43D1-B18B-523ACFA30F62}.Debug|Any CPU.Build.0 = Debug|Any CPU
		{E1EE0BAE-6AE0-43D1-B18B-523ACFA30F62}.Release|Any CPU.ActiveCfg = Release|Any CPU
		{E1EE0BAE-6AE0-43D1-B18B-523ACFA30F62}.Release|Any CPU.Build.0 = Release|Any CPU
		{753922A7-E4F1-4EF2-B7EB-E4C7A3C970C6}.Debug|Any CPU.ActiveCfg = Debug|Any CPU
		{753922A7-E4F1-4EF2-B7EB-E4C7A3C970C6}.Debug|Any CPU.Build.0 = Debug|Any CPU
		{753922A7-E4F1-4EF2-B7EB-E4C7A3C970C6}.Release|Any CPU.ActiveCfg = Release|Any CPU
		{753922A7-E4F1-4EF2-B7EB-E4C7A3C970C6}.Release|Any CPU.Build.0 = Release|Any CPU
		{4914FFE1-A3CF-4D73-B1A8-BA0700A61037}.Debug|Any CPU.ActiveCfg = Debug|Any CPU
		{4914FFE1-A3CF-4D73-B1A8-BA0700A61037}.Debug|Any CPU.Build.0 = Debug|Any CPU
		{4914FFE1-A3CF-4D73-B1A8-BA0700A61037}.Release|Any CPU.ActiveCfg = Release|Any CPU
		{4914FFE1-A3CF-4D73-B1A8-BA0700A61037}.Release|Any CPU.Build.0 = Release|Any CPU
	EndGlobalSection
	GlobalSection(SolutionProperties) = preSolution
		HideSolutionNode = FALSE
	EndGlobalSection
	GlobalSection(ExtensibilityGlobals) = postSolution
		SolutionGuid = {6469AF37-D194-4989-8BBB-888028CF635F}
	EndGlobalSection
EndGlobal
